
Microsoft Visual Studio Solution File, Format Version 11.00
# Visual Studio 2010
Project("{FAE04EC0-301F-11D3-BF4B-00C04F79EFBC}") = "DebuggerVisualizers", "DebuggerVisualizers\DebuggerVisualizers.csproj", "{A11283A6-FD16-420C-A94A-93F186F524FA}"
EndProject
Project("{FAE04EC0-301F-11D3-BF4B-00C04F79EFBC}") = "Tester", "Tester\Tester.csproj", "{9C05F8B9-B945-4549-A51F-49ED81F230A3}"
EndProject
Project("{54435603-DBB4-11D2-8724-00A0C9A8B90C}") = "Installer", "Installer\Installer.vdproj", "{3409455D-B0A3-4ABE-8572-CD0BB1938F65}"
EndProject
Project("{FAE04EC0-301F-11D3-BF4B-00C04F79EFBC}") = "Debugger", "Debugger\Debugger.csproj", "{6E98C82C-6929-4459-B933-ECCCD669BE74}"
EndProject
Global
	GlobalSection(TeamFoundationVersionControl) = preSolution
		SccNumberOfProjects = 5
		SccEnterpriseProvider = {4CA58AB2-18FA-4F8D-95D4-32DDF27D184C}
		SccTeamFoundationServer = https://tfs09.codeplex.com/
		SccLocalPath0 = .
		SccProjectUniqueName1 = Debugger\\Debugger.csproj
		SccProjectName1 = Debugger
		SccLocalPath1 = Debugger
		SccProjectUniqueName2 = DebuggerVisualizers\\DebuggerVisualizers.csproj
		SccProjectName2 = DebuggerVisualizers
		SccLocalPath2 = DebuggerVisualizers
		SccProjectUniqueName3 = Installer\\Installer.vdproj
		SccProjectName3 = Installer
		SccLocalPath3 = Installer
		SccProjectUniqueName4 = Tester\\Tester.csproj
		SccProjectName4 = Tester
		SccLocalPath4 = Tester
	EndGlobalSection
	GlobalSection(SolutionConfigurationPlatforms) = preSolution
		Debug|Any CPU = Debug|Any CPU
		Release|Any CPU = Release|Any CPU
	EndGlobalSection
	GlobalSection(ProjectConfigurationPlatforms) = postSolution
		{A11283A6-FD16-420C-A94A-93F186F524FA}.Debug|Any CPU.ActiveCfg = Debug|Any CPU
		{A11283A6-FD16-420C-A94A-93F186F524FA}.Debug|Any CPU.Build.0 = Debug|Any CPU
		{A11283A6-FD16-420C-A94A-93F186F524FA}.Release|Any CPU.ActiveCfg = Release|Any CPU
		{A11283A6-FD16-420C-A94A-93F186F524FA}.Release|Any CPU.Build.0 = Release|Any CPU
		{9C05F8B9-B945-4549-A51F-49ED81F230A3}.Debug|Any CPU.ActiveCfg = Debug|Any CPU
		{9C05F8B9-B945-4549-A51F-49ED81F230A3}.Debug|Any CPU.Build.0 = Debug|Any CPU
		{9C05F8B9-B945-4549-A51F-49ED81F230A3}.Release|Any CPU.ActiveCfg = Release|Any CPU
		{9C05F8B9-B945-4549-A51F-49ED81F230A3}.Release|Any CPU.Build.0 = Release|Any CPU
		{3409455D-B0A3-4ABE-8572-CD0BB1938F65}.Debug|Any CPU.ActiveCfg = Debug
		{3409455D-B0A3-4ABE-8572-CD0BB1938F65}.Release|Any CPU.ActiveCfg = Release
		{6E98C82C-6929-4459-B933-ECCCD669BE74}.Debug|Any CPU.ActiveCfg = Debug|Any CPU
		{6E98C82C-6929-4459-B933-ECCCD669BE74}.Debug|Any CPU.Build.0 = Debug|Any CPU
		{6E98C82C-6929-4459-B933-ECCCD669BE74}.Release|Any CPU.ActiveCfg = Release|Any CPU
		{6E98C82C-6929-4459-B933-ECCCD669BE74}.Release|Any CPU.Build.0 = Release|Any CPU
	EndGlobalSection
	GlobalSection(SolutionProperties) = preSolution
		HideSolutionNode = FALSE
	EndGlobalSection
EndGlobal
